
Microsoft Visual Studio Solution File, Format Version 12.00
# Visual Studio Version 16
VisualStudioVersion = 16.0.30413.136
MinimumVisualStudioVersion = 10.0.40219.1
Project("{FAE04EC0-301F-11D3-BF4B-00C04F79EFBC}") = "Workstation Simulation", "Workstation Simulation\Workstation Simulation.csproj", "{64D514AF-1337-4F8B-B7DF-9A072DD145D6}"
EndProject
Project("{FAE04EC0-301F-11D3-BF4B-00C04F79EFBC}") = "Configuration Tool", "Configuration Tool\Configuration Tool.csproj", "{7F4BF72D-A6A2-4635-8BA2-7DA05BA69669}"
EndProject
Project("{FAE04EC0-301F-11D3-BF4B-00C04F79EFBC}") = "Workstation Andon", "Workstation Andon\Workstation Andon.csproj", "{3242DFE7-C4E2-454C-9373-8649CEF6ED09}"
EndProject
Project("{FAE04EC0-301F-11D3-BF4B-00C04F79EFBC}") = "Assembly Line Kanban", "Assembly Line Kanban\Assembly Line Kanban.csproj", "{B95BF962-8119-44D3-9E72-5F12C26C4527}"
EndProject
Project("{FAE04EC0-301F-11D3-BF4B-00C04F79EFBC}") = "Working Simulation", "Working Simulation\Working Simulation.csproj", "{0A9E9360-815E-4984-935A-CEA14E6F7ADF}"
EndProject
Global
	GlobalSection(SolutionConfigurationPlatforms) = preSolution
		Debug|Any CPU = Debug|Any CPU
		Release|Any CPU = Release|Any CPU
	EndGlobalSection
	GlobalSection(ProjectConfigurationPlatforms) = postSolution
		{64D514AF-1337-4F8B-B7DF-9A072DD145D6}.Debug|Any CPU.ActiveCfg = Debug|Any CPU
		{64D514AF-1337-4F8B-B7DF-9A072DD145D6}.Debug|Any CPU.Build.0 = Debug|Any CPU
		{64D514AF-1337-4F8B-B7DF-9A072DD145D6}.Release|Any CPU.ActiveCfg = Release|Any CPU
		{64D514AF-1337-4F8B-B7DF-9A072DD145D6}.Release|Any CPU.Build.0 = Release|Any CPU
		{7F4BF72D-A6A2-4635-8BA2-7DA05BA69669}.Debug|Any CPU.ActiveCfg = Debug|Any CPU
		{7F4BF72D-A6A2-4635-8BA2-7DA05BA69669}.Debug|Any CPU.Build.0 = Debug|Any CPU
		{7F4BF72D-A6A2-4635-8BA2-7DA05BA69669}.Release|Any CPU.ActiveCfg = Release|Any CPU
		{7F4BF72D-A6A2-4635-8BA2-7DA05BA69669}.Release|Any CPU.Build.0 = Release|Any CPU
		{3242DFE7-C4E2-454C-9373-8649CEF6ED09}.Debug|Any CPU.ActiveCfg = Debug|Any CPU
		{3242DFE7-C4E2-454C-9373-8649CEF6ED09}.Debug|Any CPU.Build.0 = Debug|Any CPU
		{3242DFE7-C4E2-454C-9373-8649CEF6ED09}.Release|Any CPU.ActiveCfg = Release|Any CPU
		{3242DFE7-C4E2-454C-9373-8649CEF6ED09}.Release|Any CPU.Build.0 = Release|Any CPU
		{B95BF962-8119-44D3-9E72-5F12C26C4527}.Debug|Any CPU.ActiveCfg = Debug|Any CPU
		{B95BF962-8119-44D3-9E72-5F12C26C4527}.Debug|Any CPU.Build.0 = Debug|Any CPU
		{B95BF962-8119-44D3-9E72-5F12C26C4527}.Release|Any CPU.ActiveCfg = Release|Any CPU
		{B95BF962-8119-44D3-9E72-5F12C26C4527}.Release|Any CPU.Build.0 = Release|Any CPU
		{0A9E9360-815E-4984-935A-CEA14E6F7ADF}.Debug|Any CPU.ActiveCfg = Debug|Any CPU
		{0A9E9360-815E-4984-935A-CEA14E6F7ADF}.Debug|Any CPU.Build.0 = Debug|Any CPU
		{0A9E9360-815E-4984-935A-CEA14E6F7ADF}.Release|Any CPU.ActiveCfg = Release|Any CPU
		{0A9E9360-815E-4984-935A-CEA14E6F7ADF}.Release|Any CPU.Build.0 = Release|Any CPU
	EndGlobalSection
	GlobalSection(SolutionProperties) = preSolution
		HideSolutionNode = FALSE
	EndGlobalSection
	GlobalSection(ExtensibilityGlobals) = postSolution
		SolutionGuid = {6AA92FCD-C589-4A12-953C-4340407C91CA}
	EndGlobalSection
EndGlobal
